
Microsoft Visual Studio Solution File, Format Version 12.00
# Visual Studio 15
VisualStudioVersion = 15.0.26124.0
MinimumVisualStudioVersion = 15.0.26124.0
Project("{9A19103F-16F7-4668-BE54-9A1E7A4F7556}") = "MessagePack", "MessagePack\MessagePack.csproj", "{A006296D-9313-4D15-A7CF-5FC928DCF16E}"
EndProject
Project("{9A19103F-16F7-4668-BE54-9A1E7A4F7556}") = "SharedData", "..\sandbox\SharedData\SharedData.csproj", "{E2F9364D-26B0-4117-A60F-05244D28C681}"
EndProject
Project("{9A19103F-16F7-4668-BE54-9A1E7A4F7556}") = "MessagePack.ImmutableCollection", "MessagePack.ImmutableCollection\MessagePack.ImmutableCollection.csproj", "{77F6AA96-8816-4780-808F-DE93EB0E1A26}"
EndProject
Project("{9A19103F-16F7-4668-BE54-9A1E7A4F7556}") = "MessagePack.ReactiveProperty", "MessagePack.ReactiveProperty\MessagePack.ReactiveProperty.csproj", "{3806420A-33C1-4CBE-BF2A-4591E149A51A}"
EndProject
Project("{9A19103F-16F7-4668-BE54-9A1E7A4F7556}") = "MessagePack.UnityShims", "MessagePack.UnityShims\MessagePack.UnityShims.csproj", "{BFEE639D-DEFD-4C4A-845E-1A3F7DBDD380}"
EndProject
Project("{9A19103F-16F7-4668-BE54-9A1E7A4F7556}") = "MessagePack.Tests", "..\tests\MessagePack.Tests\MessagePack.Tests.csproj", "{9E1A55CA-711D-4F58-A332-735960E3434C}"
EndProject
Project("{9A19103F-16F7-4668-BE54-9A1E7A4F7556}") = "MessagePack.AspNetCoreMvcFormatter", "MessagePack.AspNetCoreMvcFormatter\MessagePack.AspNetCoreMvcFormatter.csproj", "{17831017-C29C-4A48-B159-849BCE5079FB}"
EndProject
Project("{FAE04EC0-301F-11D3-BF4B-00C04F79EFBC}") = "MessagePackAnalyzer", "MessagePackAnalyzer\MessagePackAnalyzer.csproj", "{F5B1EAC9-2EBF-4DD9-9BD4-DAA2B03FDEC1}"
EndProject
Project("{FAE04EC0-301F-11D3-BF4B-00C04F79EFBC}") = "Sandbox", "..\sandbox\Sandbox\Sandbox.csproj", "{CAE66B71-13F7-4B12-B070-3AE9FD85F138}"
EndProject
Project("{FAE04EC0-301F-11D3-BF4B-00C04F79EFBC}") = "DynamicCodeDumper", "..\sandbox\DynamicCodeDumper\DynamicCodeDumper.csproj", "{554B57EB-47C4-4A4A-B5FE-C2A2A07FB309}"
EndProject
Project("{FAE04EC0-301F-11D3-BF4B-00C04F79EFBC}") = "TestData2", "..\sandbox\TestData2\TestData2.csproj", "{79DA9A48-6658-461D-BA6C-B4F6C98125FF}"
EndProject
Project("{FAE04EC0-301F-11D3-BF4B-00C04F79EFBC}") = "MessagePack.CodeGenerator", "MessagePack.CodeGenerator\MessagePack.CodeGenerator.csproj", "{7235BD28-6048-49DD-80E6-9FE83EEF2FEF}"
EndProject
Global
	GlobalSection(SolutionConfigurationPlatforms) = preSolution
		Debug|Any CPU = Debug|Any CPU
		Release|Any CPU = Release|Any CPU
	EndGlobalSection
	GlobalSection(SolutionProperties) = preSolution
		HideSolutionNode = FALSE
	EndGlobalSection
	GlobalSection(ProjectConfigurationPlatforms) = postSolution
		{A006296D-9313-4D15-A7CF-5FC928DCF16E}.Debug|Any CPU.ActiveCfg = Debug|Any CPU
		{A006296D-9313-4D15-A7CF-5FC928DCF16E}.Debug|Any CPU.Build.0 = Debug|Any CPU
		{A006296D-9313-4D15-A7CF-5FC928DCF16E}.Release|Any CPU.ActiveCfg = Release|Any CPU
		{A006296D-9313-4D15-A7CF-5FC928DCF16E}.Release|Any CPU.Build.0 = Release|Any CPU
		{E2F9364D-26B0-4117-A60F-05244D28C681}.Debug|Any CPU.ActiveCfg = Debug|Any CPU
		{E2F9364D-26B0-4117-A60F-05244D28C681}.Debug|Any CPU.Build.0 = Debug|Any CPU
		{E2F9364D-26B0-4117-A60F-05244D28C681}.Release|Any CPU.ActiveCfg = Release|Any CPU
		{E2F9364D-26B0-4117-A60F-05244D28C681}.Release|Any CPU.Build.0 = Release|Any CPU
		{77F6AA96-8816-4780-808F-DE93EB0E1A26}.Debug|Any CPU.ActiveCfg = Debug|Any CPU
		{77F6AA96-8816-4780-808F-DE93EB0E1A26}.Debug|Any CPU.Build.0 = Debug|Any CPU
		{77F6AA96-8816-4780-808F-DE93EB0E1A26}.Release|Any CPU.ActiveCfg = Release|Any CPU
		{77F6AA96-8816-4780-808F-DE93EB0E1A26}.Release|Any CPU.Build.0 = Release|Any CPU
		{3806420A-33C1-4CBE-BF2A-4591E149A51A}.Debug|Any CPU.ActiveCfg = Debug|Any CPU
		{3806420A-33C1-4CBE-BF2A-4591E149A51A}.Debug|Any CPU.Build.0 = Debug|Any CPU
		{3806420A-33C1-4CBE-BF2A-4591E149A51A}.Release|Any CPU.ActiveCfg = Release|Any CPU
		{3806420A-33C1-4CBE-BF2A-4591E149A51A}.Release|Any CPU.Build.0 = Release|Any CPU
		{BFEE639D-DEFD-4C4A-845E-1A3F7DBDD380}.Debug|Any CPU.ActiveCfg = Debug|Any CPU
		{BFEE639D-DEFD-4C4A-845E-1A3F7DBDD380}.Debug|Any CPU.Build.0 = Debug|Any CPU
		{BFEE639D-DEFD-4C4A-845E-1A3F7DBDD380}.Release|Any CPU.ActiveCfg = Release|Any CPU
		{BFEE639D-DEFD-4C4A-845E-1A3F7DBDD380}.Release|Any CPU.Build.0 = Release|Any CPU
		{9E1A55CA-711D-4F58-A332-735960E3434C}.Debug|Any CPU.ActiveCfg = Debug|Any CPU
		{9E1A55CA-711D-4F58-A332-735960E3434C}.Debug|Any CPU.Build.0 = Debug|Any CPU
		{9E1A55CA-711D-4F58-A332-735960E3434C}.Release|Any CPU.ActiveCfg = Release|Any CPU
		{9E1A55CA-711D-4F58-A332-735960E3434C}.Release|Any CPU.Build.0 = Release|Any CPU
		{17831017-C29C-4A48-B159-849BCE5079FB}.Debug|Any CPU.ActiveCfg = Debug|Any CPU
		{17831017-C29C-4A48-B159-849BCE5079FB}.Debug|Any CPU.Build.0 = Debug|Any CPU
		{17831017-C29C-4A48-B159-849BCE5079FB}.Release|Any CPU.ActiveCfg = Release|Any CPU
		{17831017-C29C-4A48-B159-849BCE5079FB}.Release|Any CPU.Build.0 = Release|Any CPU
		{F5B1EAC9-2EBF-4DD9-9BD4-DAA2B03FDEC1}.Debug|Any CPU.ActiveCfg = Debug|Any CPU
		{F5B1EAC9-2EBF-4DD9-9BD4-DAA2B03FDEC1}.Debug|Any CPU.Build.0 = Debug|Any CPU
		{F5B1EAC9-2EBF-4DD9-9BD4-DAA2B03FDEC1}.Release|Any CPU.ActiveCfg = Release|Any CPU
		{F5B1EAC9-2EBF-4DD9-9BD4-DAA2B03FDEC1}.Release|Any CPU.Build.0 = Release|Any CPU
		{CAE66B71-13F7-4B12-B070-3AE9FD85F138}.Debug|Any CPU.ActiveCfg = Debug|Any CPU
		{CAE66B71-13F7-4B12-B070-3AE9FD85F138}.Debug|Any CPU.Build.0 = Debug|Any CPU
		{CAE66B71-13F7-4B12-B070-3AE9FD85F138}.Release|Any CPU.ActiveCfg = Release|Any CPU
		{CAE66B71-13F7-4B12-B070-3AE9FD85F138}.Release|Any CPU.Build.0 = Release|Any CPU
		{554B57EB-47C4-4A4A-B5FE-C2A2A07FB309}.Debug|Any CPU.ActiveCfg = Debug|Any CPU
		{554B57EB-47C4-4A4A-B5FE-C2A2A07FB309}.Debug|Any CPU.Build.0 = Debug|Any CPU
		{554B57EB-47C4-4A4A-B5FE-C2A2A07FB309}.Release|Any CPU.ActiveCfg = Release|Any CPU
		{554B57EB-47C4-4A4A-B5FE-C2A2A07FB309}.Release|Any CPU.Build.0 = Release|Any CPU
		{79DA9A48-6658-461D-BA6C-B4F6C98125FF}.Debug|Any CPU.ActiveCfg = Debug|Any CPU
		{79DA9A48-6658-461D-BA6C-B4F6C98125FF}.Debug|Any CPU.Build.0 = Debug|Any CPU
		{79DA9A48-6658-461D-BA6C-B4F6C98125FF}.Release|Any CPU.ActiveCfg = Release|Any CPU
		{79DA9A48-6658-461D-BA6C-B4F6C98125FF}.Release|Any CPU.Build.0 = Release|Any CPU
		{7235BD28-6048-49DD-80E6-9FE83EEF2FEF}.Debug|Any CPU.ActiveCfg = Debug|Any CPU
		{7235BD28-6048-49DD-80E6-9FE83EEF2FEF}.Debug|Any CPU.Build.0 = Debug|Any CPU
		{7235BD28-6048-49DD-80E6-9FE83EEF2FEF}.Release|Any CPU.ActiveCfg = Release|Any CPU
		{7235BD28-6048-49DD-80E6-9FE83EEF2FEF}.Release|Any CPU.Build.0 = Release|Any CPU
	EndGlobalSection
EndGlobal
